
Microsoft Visual Studio Solution File, Format Version 12.00
# Visual Studio Version 16
VisualStudioVersion = 16.0.29519.181
MinimumVisualStudioVersion = 10.0.40219.1
Project("{888888A0-9F3D-457C-B088-3A5042F75D52}") = "PythonApplication_size10", "PythonApplication_size10.pyproj", "{EFA9EE90-0D33-49BD-88CC-36F33292C1D4}"
EndProject
Global
	GlobalSection(SolutionConfigurationPlatforms) = preSolution
		Debug|Any CPU = Debug|Any CPU
		Release|Any CPU = Release|Any CPU
	EndGlobalSection
	GlobalSection(ProjectConfigurationPlatforms) = postSolution
		{EFA9EE90-0D33-49BD-88CC-36F33292C1D4}.Debug|Any CPU.ActiveCfg = Debug|Any CPU
		{EFA9EE90-0D33-49BD-88CC-36F33292C1D4}.Release|Any CPU.ActiveCfg = Release|Any CPU
	EndGlobalSection
	GlobalSection(SolutionProperties) = preSolution
		HideSolutionNode = FALSE
	EndGlobalSection
	GlobalSection(ExtensibilityGlobals) = postSolution
		SolutionGuid = {55699335-D41B-4AE1-AC12-AFD15626E445}
	EndGlobalSection
EndGlobal
